
Microsoft Visual Studio Solution File, Format Version 12.00
# Visual Studio 15
VisualStudioVersion = 15.0.27004.2006
MinimumVisualStudioVersion = 10.0.40219.1
Project("{FAE04EC0-301F-11D3-BF4B-00C04F79EFBC}") = "Filtering images", "Filtering images.csproj", "{2FBA4548-5FA7-4E37-9B8A-ACD04BA47635}"
EndProject
Global
	GlobalSection(SolutionConfigurationPlatforms) = preSolution
		Debug|Any CPU = Debug|Any CPU
		Release|Any CPU = Release|Any CPU
	EndGlobalSection
	GlobalSection(ProjectConfigurationPlatforms) = postSolution
		{2FBA4548-5FA7-4E37-9B8A-ACD04BA47635}.Debug|Any CPU.ActiveCfg = Debug|Any CPU
		{2FBA4548-5FA7-4E37-9B8A-ACD04BA47635}.Debug|Any CPU.Build.0 = Debug|Any CPU
		{2FBA4548-5FA7-4E37-9B8A-ACD04BA47635}.Release|Any CPU.ActiveCfg = Release|Any CPU
		{2FBA4548-5FA7-4E37-9B8A-ACD04BA47635}.Release|Any CPU.Build.0 = Release|Any CPU
	EndGlobalSection
	GlobalSection(SolutionProperties) = preSolution
		HideSolutionNode = FALSE
	EndGlobalSection
	GlobalSection(ExtensibilityGlobals) = postSolution
		SolutionGuid = {FD282C31-ADEC-4C77-AF8F-5ED13C4DEC8A}
	EndGlobalSection
EndGlobal
